
Microsoft Visual Studio Solution File, Format Version 12.00
# Visual Studio Version 17
VisualStudioVersion = 17.10.35122.118
MinimumVisualStudioVersion = 10.0.40219.1
Project("{FAE04EC0-301F-11D3-BF4B-00C04F79EFBC}") = "WebServer", "WebServer\WebServer.csproj", "{3EE1F5F8-3249-4C84-B192-9F1E0AC0FEDA}"
EndProject
Project("{FAE04EC0-301F-11D3-BF4B-00C04F79EFBC}") = "ConsoleWebServer", "ConsoleWebServer\ConsoleWebServer.csproj", "{D047CEDF-9D03-406E-AB72-7920C2AA9F2A}"
EndProject
Global
	GlobalSection(SolutionConfigurationPlatforms) = preSolution
		Debug|Any CPU = Debug|Any CPU
		Release|Any CPU = Release|Any CPU
	EndGlobalSection
	GlobalSection(ProjectConfigurationPlatforms) = postSolution
		{3EE1F5F8-3249-4C84-B192-9F1E0AC0FEDA}.Debug|Any CPU.ActiveCfg = Debug|Any CPU
		{3EE1F5F8-3249-4C84-B192-9F1E0AC0FEDA}.Debug|Any CPU.Build.0 = Debug|Any CPU
		{3EE1F5F8-3249-4C84-B192-9F1E0AC0FEDA}.Release|Any CPU.ActiveCfg = Release|Any CPU
		{3EE1F5F8-3249-4C84-B192-9F1E0AC0FEDA}.Release|Any CPU.Build.0 = Release|Any CPU
		{D047CEDF-9D03-406E-AB72-7920C2AA9F2A}.Debug|Any CPU.ActiveCfg = Debug|Any CPU
		{D047CEDF-9D03-406E-AB72-7920C2AA9F2A}.Debug|Any CPU.Build.0 = Debug|Any CPU
		{D047CEDF-9D03-406E-AB72-7920C2AA9F2A}.Release|Any CPU.ActiveCfg = Release|Any CPU
		{D047CEDF-9D03-406E-AB72-7920C2AA9F2A}.Release|Any CPU.Build.0 = Release|Any CPU
	EndGlobalSection
	GlobalSection(SolutionProperties) = preSolution
		HideSolutionNode = FALSE
	EndGlobalSection
	GlobalSection(ExtensibilityGlobals) = postSolution
		SolutionGuid = {936AC3F2-6657-4B13-807B-19C5635FBFB2}
	EndGlobalSection
EndGlobal
